
Microsoft Visual Studio Solution File, Format Version 12.00
# Visual Studio 14
VisualStudioVersion = 14.0.24627.0
MinimumVisualStudioVersion = 10.0.40219.1
Project("{FAE04EC0-301F-11D3-BF4B-00C04F79EFBC}") = "MongoCrud", "MongoCrud\MongoCrud.csproj", "{2674315F-EBB1-43B1-ADC1-C0BAC713792D}"
EndProject
Project("{FAE04EC0-301F-11D3-BF4B-00C04F79EFBC}") = "MongoCrudTest", "MongoCrudTest\MongoCrudTest.csproj", "{DA749A9C-F648-468E-8AEB-A52A014FEC5F}"
EndProject
Global
	GlobalSection(SolutionConfigurationPlatforms) = preSolution
		Debug|Any CPU = Debug|Any CPU
		Release|Any CPU = Release|Any CPU
	EndGlobalSection
	GlobalSection(ProjectConfigurationPlatforms) = postSolution
		{2674315F-EBB1-43B1-ADC1-C0BAC713792D}.Debug|Any CPU.ActiveCfg = Debug|Any CPU
		{2674315F-EBB1-43B1-ADC1-C0BAC713792D}.Debug|Any CPU.Build.0 = Debug|Any CPU
		{2674315F-EBB1-43B1-ADC1-C0BAC713792D}.Release|Any CPU.ActiveCfg = Release|Any CPU
		{2674315F-EBB1-43B1-ADC1-C0BAC713792D}.Release|Any CPU.Build.0 = Release|Any CPU
		{DA749A9C-F648-468E-8AEB-A52A014FEC5F}.Debug|Any CPU.ActiveCfg = Debug|Any CPU
		{DA749A9C-F648-468E-8AEB-A52A014FEC5F}.Debug|Any CPU.Build.0 = Debug|Any CPU
		{DA749A9C-F648-468E-8AEB-A52A014FEC5F}.Release|Any CPU.ActiveCfg = Release|Any CPU
		{DA749A9C-F648-468E-8AEB-A52A014FEC5F}.Release|Any CPU.Build.0 = Release|Any CPU
	EndGlobalSection
	GlobalSection(SolutionProperties) = preSolution
		HideSolutionNode = FALSE
	EndGlobalSection
EndGlobal
